// !$*UTF8*$!
{
	archiveVersion = 1;
	classes = {
	};
	objectVersion = 50;
	objects = {

/* Begin PBXBuildFile section */
		478DD22BA5A98F3D2BE2B297 /* libPods-handyappTests.a in Frameworks */ = {isa = PBXBuildFile; fileRef = 2B62B7CF63942D042B58D55E /* libPods-handyappTests.a */; };
		5B152FC31AC02B0BE7831251 /* libPods-handyapp.a in Frameworks */ = {isa = PBXBuildFile; fileRef = FE91D6ED88A5251CDC7ACBB1 /* libPods-handyapp.a */; };
		65034D1B211B1DDE002EE8A9 /* AppDelegate.swift in Sources */ = {isa = PBXBuildFile; fileRef = 65034D1A211B1DDE002EE8A9 /* AppDelegate.swift */; };
		65034D1D211B1DDE002EE8A9 /* ViewController.swift in Sources */ = {isa = PBXBuildFile; fileRef = 65034D1C211B1DDE002EE8A9 /* ViewController.swift */; };
		65034D20211B1DDE002EE8A9 /* Main.storyboard in Resources */ = {isa = PBXBuildFile; fileRef = 65034D1E211B1DDE002EE8A9 /* Main.storyboard */; };
		65034D22211B1E13002EE8A9 /* Assets.xcassets in Resources */ = {isa = PBXBuildFile; fileRef = 65034D21211B1E13002EE8A9 /* Assets.xcassets */; };
		65034D25211B1E13002EE8A9 /* LaunchScreen.storyboard in Resources */ = {isa = PBXBuildFile; fileRef = 65034D23211B1E13002EE8A9 /* LaunchScreen.storyboard */; };
		65034D30211B1E14002EE8A9 /* HandyappTests.temp_caseinsensitive_rename.swift in Sources */ = {isa = PBXBuildFile; fileRef = 65034D2F211B1E14002EE8A9 /* HandyappTests.temp_caseinsensitive_rename.swift */; };
		65034D3B211B1E14002EE8A9 /* HandyappUITests.swift in Sources */ = {isa = PBXBuildFile; fileRef = 65034D3A211B1E14002EE8A9 /* HandyappUITests.swift */; };
/* End PBXBuildFile section */

/* Begin PBXContainerItemProxy section */
		65034D2C211B1E14002EE8A9 /* PBXContainerItemProxy */ = {
			isa = PBXContainerItemProxy;
			containerPortal = 65034D0F211B1DDC002EE8A9 /* Project object */;
			proxyType = 1;
			remoteGlobalIDString = 65034D16211B1DDD002EE8A9;
			remoteInfo = handyapp;
		};
		65034D37211B1E14002EE8A9 /* PBXContainerItemProxy */ = {
			isa = PBXContainerItemProxy;
			containerPortal = 65034D0F211B1DDC002EE8A9 /* Project object */;
			proxyType = 1;
			remoteGlobalIDString = 65034D16211B1DDD002EE8A9;
			remoteInfo = handyapp;
		};
/* End PBXContainerItemProxy section */

/* Begin PBXFileReference section */
		2B62B7CF63942D042B58D55E /* libPods-handyappTests.a */ = {isa = PBXFileReference; explicitFileType = archive.ar; includeInIndex = 0; path = "libPods-handyappTests.a"; sourceTree = BUILT_PRODUCTS_DIR; };
		65034D17211B1DDE002EE8A9 /* Handyapp.app */ = {isa = PBXFileReference; explicitFileType = wrapper.application; includeInIndex = 0; path = Handyapp.app; sourceTree = BUILT_PRODUCTS_DIR; };
		65034D1A211B1DDE002EE8A9 /* AppDelegate.swift */ = {isa = PBXFileReference; lastKnownFileType = sourcecode.swift; path = AppDelegate.swift; sourceTree = "<group>"; };
		65034D1C211B1DDE002EE8A9 /* ViewController.swift */ = {isa = PBXFileReference; lastKnownFileType = sourcecode.swift; path = ViewController.swift; sourceTree = "<group>"; };
		65034D1F211B1DDE002EE8A9 /* Base */ = {isa = PBXFileReference; lastKnownFileType = file.storyboard; name = Base; path = Base.lproj/Main.storyboard; sourceTree = "<group>"; };
		65034D21211B1E13002EE8A9 /* Assets.xcassets */ = {isa = PBXFileReference; lastKnownFileType = folder.assetcatalog; path = Assets.xcassets; sourceTree = "<group>"; };
		65034D24211B1E13002EE8A9 /* Base */ = {isa = PBXFileReference; lastKnownFileType = file.storyboard; name = Base; path = Base.lproj/LaunchScreen.storyboard; sourceTree = "<group>"; };
		65034D2B211B1E14002EE8A9 /* HandyappTests.xctest */ = {isa = PBXFileReference; explicitFileType = wrapper.cfbundle; includeInIndex = 0; path = HandyappTests.xctest; sourceTree = BUILT_PRODUCTS_DIR; };
		65034D2F211B1E14002EE8A9 /* HandyappTests.temp_caseinsensitive_rename.swift */ = {isa = PBXFileReference; lastKnownFileType = sourcecode.swift; path = HandyappTests.temp_caseinsensitive_rename.swift; sourceTree = "<group>"; };
		65034D31211B1E14002EE8A9 /* Info.plist */ = {isa = PBXFileReference; lastKnownFileType = text.plist.xml; path = Info.plist; sourceTree = "<group>"; };
		65034D36211B1E14002EE8A9 /* HandyappUITests.xctest */ = {isa = PBXFileReference; explicitFileType = wrapper.cfbundle; includeInIndex = 0; path = HandyappUITests.xctest; sourceTree = BUILT_PRODUCTS_DIR; };
		65034D3A211B1E14002EE8A9 /* HandyappUITests.swift */ = {isa = PBXFileReference; lastKnownFileType = sourcecode.swift; path = HandyappUITests.swift; sourceTree = "<group>"; };
		65034D3C211B1E15002EE8A9 /* Info.plist */ = {isa = PBXFileReference; lastKnownFileType = text.plist.xml; path = Info.plist; sourceTree = "<group>"; };
		655488D02124539200E6012D /* Info.plist */ = {isa = PBXFileReference; fileEncoding = 4; lastKnownFileType = text.plist.xml; path = Info.plist; sourceTree = "<group>"; };
		69B7A13805C563A9DCEF8561 /* Pods-handyapp.release.xcconfig */ = {isa = PBXFileReference; includeInIndex = 1; lastKnownFileType = text.xcconfig; name = "Pods-handyapp.release.xcconfig"; path = "Pods/Target Support Files/Pods-handyapp/Pods-handyapp.release.xcconfig"; sourceTree = "<group>"; };
		827BBF3ADEDB23F741A918DA /* Pods-handyappTests.release.xcconfig */ = {isa = PBXFileReference; includeInIndex = 1; lastKnownFileType = text.xcconfig; name = "Pods-handyappTests.release.xcconfig"; path = "Pods/Target Support Files/Pods-handyappTests/Pods-handyappTests.release.xcconfig"; sourceTree = "<group>"; };
		B71844A8FCA571669BBE9E9F /* Pods-handyapp.debug.xcconfig */ = {isa = PBXFileReference; includeInIndex = 1; lastKnownFileType = text.xcconfig; name = "Pods-handyapp.debug.xcconfig"; path = "Pods/Target Support Files/Pods-handyapp/Pods-handyapp.debug.xcconfig"; sourceTree = "<group>"; };
		F44DED4716EFEE88BF22C0B6 /* Pods-handyappTests.debug.xcconfig */ = {isa = PBXFileReference; includeInIndex = 1; lastKnownFileType = text.xcconfig; name = "Pods-handyappTests.debug.xcconfig"; path = "Pods/Target Support Files/Pods-handyappTests/Pods-handyappTests.debug.xcconfig"; sourceTree = "<group>"; };
		FE91D6ED88A5251CDC7ACBB1 /* libPods-handyapp.a */ = {isa = PBXFileReference; explicitFileType = archive.ar; includeInIndex = 0; path = "libPods-handyapp.a"; sourceTree = BUILT_PRODUCTS_DIR; };
/* End PBXFileReference section */

/* Begin PBXFrameworksBuildPhase section */
		65034D14211B1DDD002EE8A9 /* Frameworks */ = {
			isa = PBXFrameworksBuildPhase;
			buildActionMask = 2147483647;
			files = (
				5B152FC31AC02B0BE7831251 /* libPods-handyapp.a in Frameworks */,
			);
			runOnlyForDeploymentPostprocessing = 0;
		};
		65034D28211B1E14002EE8A9 /* Frameworks */ = {
			isa = PBXFrameworksBuildPhase;
			buildActionMask = 2147483647;
			files = (
				478DD22BA5A98F3D2BE2B297 /* libPods-handyappTests.a in Frameworks */,
			);
			runOnlyForDeploymentPostprocessing = 0;
		};
		65034D33211B1E14002EE8A9 /* Frameworks */ = {
			isa = PBXFrameworksBuildPhase;
			buildActionMask = 2147483647;
			files = (
			);
			runOnlyForDeploymentPostprocessing = 0;
		};
/* End PBXFrameworksBuildPhase section */

/* Begin PBXGroup section */
		65034D0E211B1DDC002EE8A9 = {
			isa = PBXGroup;
			children = (
				65034D19211B1DDE002EE8A9 /* Handyapp */,
				65034D2E211B1E14002EE8A9 /* HandyappTests */,
				65034D39211B1E14002EE8A9 /* HandyappUITests */,
				65034D18211B1DDE002EE8A9 /* Products */,
				7EAB8227733ED0F71F0A3D8B /* Pods */,
				B22F0053ABBF126B0D3FAB54 /* Frameworks */,
			);
			sourceTree = "<group>";
		};
		65034D18211B1DDE002EE8A9 /* Products */ = {
			isa = PBXGroup;
			children = (
				65034D17211B1DDE002EE8A9 /* Handyapp.app */,
				65034D2B211B1E14002EE8A9 /* HandyappTests.xctest */,
				65034D36211B1E14002EE8A9 /* HandyappUITests.xctest */,
			);
			name = Products;
			sourceTree = "<group>";
		};
		65034D19211B1DDE002EE8A9 /* Handyapp */ = {
			isa = PBXGroup;
			children = (
				655488C62124425C00E6012D /* Info */,
				655488C72124427400E6012D /* Data */,
				655488C82124486E00E6012D /* Stores */,
				655488C92124487B00E6012D /* Models */,
				655488CA2124488C00E6012D /* Views */,
				655488CB212448A000E6012D /* ViewModel */,
				655488CC212448B200E6012D /* Network */,
				655488CD212448BE00E6012D /* Helpers */,
				655488CE212448CE00E6012D /* Assets */,
				655488CF212449C700E6012D /* Localization */,
				65034D1A211B1DDE002EE8A9 /* AppDelegate.swift */,
			);
			path = Handyapp;
			sourceTree = "<group>";
		};
		65034D2E211B1E14002EE8A9 /* HandyappTests */ = {
			isa = PBXGroup;
			children = (
				65034D2F211B1E14002EE8A9 /* HandyappTests.temp_caseinsensitive_rename.swift */,
				65034D31211B1E14002EE8A9 /* Info.plist */,
			);
			path = HandyappTests;
			sourceTree = "<group>";
		};
		65034D39211B1E14002EE8A9 /* HandyappUITests */ = {
			isa = PBXGroup;
			children = (
				65034D3A211B1E14002EE8A9 /* HandyappUITests.swift */,
				65034D3C211B1E15002EE8A9 /* Info.plist */,
			);
			path = HandyappUITests;
			sourceTree = "<group>";
		};
		655488C62124425C00E6012D /* Info */ = {
			isa = PBXGroup;
			children = (
				655488D02124539200E6012D /* Info.plist */,
			);
			path = Info;
			sourceTree = "<group>";
		};
		655488C72124427400E6012D /* Data */ = {
			isa = PBXGroup;
			children = (
			);
			path = Data;
			sourceTree = "<group>";
		};
		655488C82124486E00E6012D /* Stores */ = {
			isa = PBXGroup;
			children = (
				65034D1E211B1DDE002EE8A9 /* Main.storyboard */,
				65034D23211B1E13002EE8A9 /* LaunchScreen.storyboard */,
			);
			path = Stores;
			sourceTree = "<group>";
		};
		655488C92124487B00E6012D /* Models */ = {
			isa = PBXGroup;
			children = (
			);
			path = Models;
			sourceTree = "<group>";
		};
		655488CA2124488C00E6012D /* Views */ = {
			isa = PBXGroup;
			children = (
				65034D1C211B1DDE002EE8A9 /* ViewController.swift */,
			);
			path = Views;
			sourceTree = "<group>";
		};
		655488CB212448A000E6012D /* ViewModel */ = {
			isa = PBXGroup;
			children = (
			);
			path = ViewModel;
			sourceTree = "<group>";
		};
		655488CC212448B200E6012D /* Network */ = {
			isa = PBXGroup;
			children = (
			);
			path = Network;
			sourceTree = "<group>";
		};
		655488CD212448BE00E6012D /* Helpers */ = {
			isa = PBXGroup;
			children = (
			);
			path = Helpers;
			sourceTree = "<group>";
		};
		655488CE212448CE00E6012D /* Assets */ = {
			isa = PBXGroup;
			children = (
				65034D21211B1E13002EE8A9 /* Assets.xcassets */,
			);
			path = Assets;
			sourceTree = "<group>";
		};
		655488CF212449C700E6012D /* Localization */ = {
			isa = PBXGroup;
			children = (
			);
			path = Localization;
			sourceTree = "<group>";
		};
		7EAB8227733ED0F71F0A3D8B /* Pods */ = {
			isa = PBXGroup;
			children = (
				B71844A8FCA571669BBE9E9F /* Pods-handyapp.debug.xcconfig */,
				69B7A13805C563A9DCEF8561 /* Pods-handyapp.release.xcconfig */,
				F44DED4716EFEE88BF22C0B6 /* Pods-handyappTests.debug.xcconfig */,
				827BBF3ADEDB23F741A918DA /* Pods-handyappTests.release.xcconfig */,
			);
			name = Pods;
			sourceTree = "<group>";
		};
		B22F0053ABBF126B0D3FAB54 /* Frameworks */ = {
			isa = PBXGroup;
			children = (
				FE91D6ED88A5251CDC7ACBB1 /* libPods-handyapp.a */,
				2B62B7CF63942D042B58D55E /* libPods-handyappTests.a */,
			);
			name = Frameworks;
			sourceTree = "<group>";
		};
/* End PBXGroup section */

/* Begin PBXNativeTarget section */
		65034D16211B1DDD002EE8A9 /* Handyapp */ = {
			isa = PBXNativeTarget;
			buildConfigurationList = 65034D3F211B1E15002EE8A9 /* Build configuration list for PBXNativeTarget "Handyapp" */;
			buildPhases = (
				29079CA7FA2D0003FEBD8F60 /* [CP] Check Pods Manifest.lock */,
				655488D221245AB800E6012D /* SwiftLint */,
				65034D13211B1DDD002EE8A9 /* Sources */,
				65034D14211B1DDD002EE8A9 /* Frameworks */,
				65034D15211B1DDD002EE8A9 /* Resources */,
			);
			buildRules = (
			);
			dependencies = (
			);
			name = Handyapp;
			productName = handyapp;
			productReference = 65034D17211B1DDE002EE8A9 /* Handyapp.app */;
			productType = "com.apple.product-type.application";
		};
		65034D2A211B1E14002EE8A9 /* HandyappTests */ = {
			isa = PBXNativeTarget;
			buildConfigurationList = 65034D42211B1E15002EE8A9 /* Build configuration list for PBXNativeTarget "HandyappTests" */;
			buildPhases = (
				286BDC04BAE4247D7D00A185 /* [CP] Check Pods Manifest.lock */,
				65034D27211B1E14002EE8A9 /* Sources */,
				65034D28211B1E14002EE8A9 /* Frameworks */,
				65034D29211B1E14002EE8A9 /* Resources */,
			);
			buildRules = (
			);
			dependencies = (
				65034D2D211B1E14002EE8A9 /* PBXTargetDependency */,
			);
			name = HandyappTests;
			productName = handyappTests;
			productReference = 65034D2B211B1E14002EE8A9 /* HandyappTests.xctest */;
			productType = "com.apple.product-type.bundle.unit-test";
		};
		65034D35211B1E14002EE8A9 /* HandyappUITests */ = {
			isa = PBXNativeTarget;
			buildConfigurationList = 65034D45211B1E15002EE8A9 /* Build configuration list for PBXNativeTarget "HandyappUITests" */;
			buildPhases = (
				65034D32211B1E14002EE8A9 /* Sources */,
				65034D33211B1E14002EE8A9 /* Frameworks */,
				65034D34211B1E14002EE8A9 /* Resources */,
			);
			buildRules = (
			);
			dependencies = (
				65034D38211B1E14002EE8A9 /* PBXTargetDependency */,
			);
			name = HandyappUITests;
			productName = handyappUITests;
			productReference = 65034D36211B1E14002EE8A9 /* HandyappUITests.xctest */;
			productType = "com.apple.product-type.bundle.ui-testing";
		};
/* End PBXNativeTarget section */

/* Begin PBXProject section */
		65034D0F211B1DDC002EE8A9 /* Project object */ = {
			isa = PBXProject;
			attributes = {
				LastSwiftUpdateCheck = 1000;
				LastUpgradeCheck = 1000;
				ORGANIZATIONNAME = "Kuvshinnikov Dmitriy";
				TargetAttributes = {
					65034D16211B1DDD002EE8A9 = {
						CreatedOnToolsVersion = 10.0;
					};
					65034D2A211B1E14002EE8A9 = {
						CreatedOnToolsVersion = 10.0;
						TestTargetID = 65034D16211B1DDD002EE8A9;
					};
					65034D35211B1E14002EE8A9 = {
						CreatedOnToolsVersion = 10.0;
						TestTargetID = 65034D16211B1DDD002EE8A9;
					};
				};
			};
			buildConfigurationList = 65034D12211B1DDC002EE8A9 /* Build configuration list for PBXProject "Handyapp" */;
			compatibilityVersion = "Xcode 9.3";
			developmentRegion = en;
			hasScannedForEncodings = 0;
			knownRegions = (
				en,
				Base,
			);
			mainGroup = 65034D0E211B1DDC002EE8A9;
			productRefGroup = 65034D18211B1DDE002EE8A9 /* Products */;
			projectDirPath = "";
			projectRoot = "";
			targets = (
				65034D16211B1DDD002EE8A9 /* Handyapp */,
				65034D2A211B1E14002EE8A9 /* HandyappTests */,
				65034D35211B1E14002EE8A9 /* HandyappUITests */,
			);
		};
/* End PBXProject section */

/* Begin PBXResourcesBuildPhase section */
		65034D15211B1DDD002EE8A9 /* Resources */ = {
			isa = PBXResourcesBuildPhase;
			buildActionMask = 2147483647;
			files = (
				65034D25211B1E13002EE8A9 /* LaunchScreen.storyboard in Resources */,
				65034D22211B1E13002EE8A9 /* Assets.xcassets in Resources */,
				65034D20211B1DDE002EE8A9 /* Main.storyboard in Resources */,
			);
			runOnlyForDeploymentPostprocessing = 0;
		};
		65034D29211B1E14002EE8A9 /* Resources */ = {
			isa = PBXResourcesBuildPhase;
			buildActionMask = 2147483647;
			files = (
			);
			runOnlyForDeploymentPostprocessing = 0;
		};
		65034D34211B1E14002EE8A9 /* Resources */ = {
			isa = PBXResourcesBuildPhase;
			buildActionMask = 2147483647;
			files = (
			);
			runOnlyForDeploymentPostprocessing = 0;
		};
/* End PBXResourcesBuildPhase section */

/* Begin PBXShellScriptBuildPhase section */
		286BDC04BAE4247D7D00A185 /* [CP] Check Pods Manifest.lock */ = {
			isa = PBXShellScriptBuildPhase;
			buildActionMask = 2147483647;
			files = (
			);
			inputPaths = (
				"${PODS_PODFILE_DIR_PATH}/Podfile.lock",
				"${PODS_ROOT}/Manifest.lock",
			);
			name = "[CP] Check Pods Manifest.lock";
			outputPaths = (
				"$(DERIVED_FILE_DIR)/Pods-handyappTests-checkManifestLockResult.txt",
			);
			runOnlyForDeploymentPostprocessing = 0;
			shellPath = /bin/sh;
			shellScript = "diff \"${PODS_PODFILE_DIR_PATH}/Podfile.lock\" \"${PODS_ROOT}/Manifest.lock\" > /dev/null\nif [ $? != 0 ] ; then\n    # print error to STDERR\n    echo \"error: The sandbox is not in sync with the Podfile.lock. Run 'pod install' or update your CocoaPods installation.\" >&2\n    exit 1\nfi\n# This output is used by Xcode 'outputs' to avoid re-running this script phase.\necho \"SUCCESS\" > \"${SCRIPT_OUTPUT_FILE_0}\"\n";
			showEnvVarsInLog = 0;
		};
		29079CA7FA2D0003FEBD8F60 /* [CP] Check Pods Manifest.lock */ = {
			isa = PBXShellScriptBuildPhase;
			buildActionMask = 2147483647;
			files = (
			);
			inputPaths = (
				"${PODS_PODFILE_DIR_PATH}/Podfile.lock",
				"${PODS_ROOT}/Manifest.lock",
			);
			name = "[CP] Check Pods Manifest.lock";
			outputPaths = (
				"$(DERIVED_FILE_DIR)/Pods-handyapp-checkManifestLockResult.txt",
			);
			runOnlyForDeploymentPostprocessing = 0;
			shellPath = /bin/sh;
			shellScript = "diff \"${PODS_PODFILE_DIR_PATH}/Podfile.lock\" \"${PODS_ROOT}/Manifest.lock\" > /dev/null\nif [ $? != 0 ] ; then\n    # print error to STDERR\n    echo \"error: The sandbox is not in sync with the Podfile.lock. Run 'pod install' or update your CocoaPods installation.\" >&2\n    exit 1\nfi\n# This output is used by Xcode 'outputs' to avoid re-running this script phase.\necho \"SUCCESS\" > \"${SCRIPT_OUTPUT_FILE_0}\"\n";
			showEnvVarsInLog = 0;
		};
		655488D221245AB800E6012D /* SwiftLint */ = {
			isa = PBXShellScriptBuildPhase;
			buildActionMask = 2147483647;
			files = (
			);
			inputFileListPaths = (
			);
			inputPaths = (
			);
			name = SwiftLint;
			outputFileListPaths = (
			);
			outputPaths = (
			);
			runOnlyForDeploymentPostprocessing = 0;
			shellPath = /bin/sh;
			shellScript = "${PODS_ROOT}/SwiftLint/swiftlint\n";
		};
/* End PBXShellScriptBuildPhase section */

/* Begin PBXSourcesBuildPhase section */
		65034D13211B1DDD002EE8A9 /* Sources */ = {
			isa = PBXSourcesBuildPhase;
			buildActionMask = 2147483647;
			files = (
				65034D1D211B1DDE002EE8A9 /* ViewController.swift in Sources */,
				65034D1B211B1DDE002EE8A9 /* AppDelegate.swift in Sources */,
			);
			runOnlyForDeploymentPostprocessing = 0;
		};
		65034D27211B1E14002EE8A9 /* Sources */ = {
			isa = PBXSourcesBuildPhase;
			buildActionMask = 2147483647;
			files = (
				65034D30211B1E14002EE8A9 /* HandyappTests.temp_caseinsensitive_rename.swift in Sources */,
			);
			runOnlyForDeploymentPostprocessing = 0;
		};
		65034D32211B1E14002EE8A9 /* Sources */ = {
			isa = PBXSourcesBuildPhase;
			buildActionMask = 2147483647;
			files = (
				65034D3B211B1E14002EE8A9 /* HandyappUITests.swift in Sources */,
			);
			runOnlyForDeploymentPostprocessing = 0;
		};
/* End PBXSourcesBuildPhase section */

/* Begin PBXTargetDependency section */
		65034D2D211B1E14002EE8A9 /* PBXTargetDependency */ = {
			isa = PBXTargetDependency;
			target = 65034D16211B1DDD002EE8A9 /* Handyapp */;
			targetProxy = 65034D2C211B1E14002EE8A9 /* PBXContainerItemProxy */;
		};
		65034D38211B1E14002EE8A9 /* PBXTargetDependency */ = {
			isa = PBXTargetDependency;
			target = 65034D16211B1DDD002EE8A9 /* Handyapp */;
			targetProxy = 65034D37211B1E14002EE8A9 /* PBXContainerItemProxy */;
		};
/* End PBXTargetDependency section */

/* Begin PBXVariantGroup section */
		65034D1E211B1DDE002EE8A9 /* Main.storyboard */ = {
			isa = PBXVariantGroup;
			children = (
				65034D1F211B1DDE002EE8A9 /* Base */,
			);
			name = Main.storyboard;
			sourceTree = "<group>";
		};
		65034D23211B1E13002EE8A9 /* LaunchScreen.storyboard */ = {
			isa = PBXVariantGroup;
			children = (
				65034D24211B1E13002EE8A9 /* Base */,
			);
			name = LaunchScreen.storyboard;
			sourceTree = "<group>";
		};
/* End PBXVariantGroup section */

/* Begin XCBuildConfiguration section */
		65034D3D211B1E15002EE8A9 /* Debug */ = {
			isa = XCBuildConfiguration;
			buildSettings = {
				ALWAYS_SEARCH_USER_PATHS = NO;
				CLANG_ANALYZER_NONNULL = YES;
				CLANG_ANALYZER_NUMBER_OBJECT_CONVERSION = YES_AGGRESSIVE;
				CLANG_CXX_LANGUAGE_STANDARD = "gnu++14";
				CLANG_CXX_LIBRARY = "libc++";
				CLANG_ENABLE_MODULES = YES;
				CLANG_ENABLE_OBJC_ARC = YES;
				CLANG_ENABLE_OBJC_WEAK = YES;
				CLANG_WARN_BLOCK_CAPTURE_AUTORELEASING = YES;
				CLANG_WARN_BOOL_CONVERSION = YES;
				CLANG_WARN_COMMA = YES;
				CLANG_WARN_CONSTANT_CONVERSION = YES;
				CLANG_WARN_DEPRECATED_OBJC_IMPLEMENTATIONS = YES;
				CLANG_WARN_DIRECT_OBJC_ISA_USAGE = YES_ERROR;
				CLANG_WARN_DOCUMENTATION_COMMENTS = YES;
				CLANG_WARN_EMPTY_BODY = YES;
				CLANG_WARN_ENUM_CONVERSION = YES;
				CLANG_WARN_INFINITE_RECURSION = YES;
				CLANG_WARN_INT_CONVERSION = YES;
				CLANG_WARN_NON_LITERAL_NULL_CONVERSION = YES;
				CLANG_WARN_OBJC_IMPLICIT_RETAIN_SELF = YES;
				CLANG_WARN_OBJC_LITERAL_CONVERSION = YES;
				CLANG_WARN_OBJC_ROOT_CLASS = YES_ERROR;
				CLANG_WARN_RANGE_LOOP_ANALYSIS = YES;
				CLANG_WARN_STRICT_PROTOTYPES = YES;
				CLANG_WARN_SUSPICIOUS_MOVE = YES;
				CLANG_WARN_UNGUARDED_AVAILABILITY = YES_AGGRESSIVE;
				CLANG_WARN_UNREACHABLE_CODE = YES;
				CLANG_WARN__DUPLICATE_METHOD_MATCH = YES;
				CODE_SIGN_IDENTITY = "iPhone Developer";
				COPY_PHASE_STRIP = NO;
				DEBUG_INFORMATION_FORMAT = dwarf;
				ENABLE_STRICT_OBJC_MSGSEND = YES;
				ENABLE_TESTABILITY = YES;
				GCC_C_LANGUAGE_STANDARD = gnu11;
				GCC_DYNAMIC_NO_PIC = NO;
				GCC_NO_COMMON_BLOCKS = YES;
				GCC_OPTIMIZATION_LEVEL = 0;
				GCC_PREPROCESSOR_DEFINITIONS = (
					"DEBUG=1",
					"$(inherited)",
				);
				GCC_WARN_64_TO_32_BIT_CONVERSION = YES;
				GCC_WARN_ABOUT_RETURN_TYPE = YES_ERROR;
				GCC_WARN_UNDECLARED_SELECTOR = YES;
				GCC_WARN_UNINITIALIZED_AUTOS = YES_AGGRESSIVE;
				GCC_WARN_UNUSED_FUNCTION = YES;
				GCC_WARN_UNUSED_VARIABLE = YES;
				IPHONEOS_DEPLOYMENT_TARGET = 12.0;
				MTL_ENABLE_DEBUG_INFO = INCLUDE_SOURCE;
				MTL_FAST_MATH = YES;
				ONLY_ACTIVE_ARCH = YES;
				SDKROOT = iphoneos;
				SWIFT_ACTIVE_COMPILATION_CONDITIONS = DEBUG;
				SWIFT_OPTIMIZATION_LEVEL = "-Onone";
			};
			name = Debug;
		};
		65034D3E211B1E15002EE8A9 /* Release */ = {
			isa = XCBuildConfiguration;
			buildSettings = {
				ALWAYS_SEARCH_USER_PATHS = NO;
				CLANG_ANALYZER_NONNULL = YES;
				CLANG_ANALYZER_NUMBER_OBJECT_CONVERSION = YES_AGGRESSIVE;
				CLANG_CXX_LANGUAGE_STANDARD = "gnu++14";
				CLANG_CXX_LIBRARY = "libc++";
				CLANG_ENABLE_MODULES = YES;
				CLANG_ENABLE_OBJC_ARC = YES;
				CLANG_ENABLE_OBJC_WEAK = YES;
				CLANG_WARN_BLOCK_CAPTURE_AUTORELEASING = YES;
				CLANG_WARN_BOOL_CONVERSION = YES;
				CLANG_WARN_COMMA = YES;
				CLANG_WARN_CONSTANT_CONVERSION = YES;
				CLANG_WARN_DEPRECATED_OBJC_IMPLEMENTATIONS = YES;
				CLANG_WARN_DIRECT_OBJC_ISA_USAGE = YES_ERROR;
				CLANG_WARN_DOCUMENTATION_COMMENTS = YES;
				CLANG_WARN_EMPTY_BODY = YES;
				CLANG_WARN_ENUM_CONVERSION = YES;
				CLANG_WARN_INFINITE_RECURSION = YES;
				CLANG_WARN_INT_CONVERSION = YES;
				CLANG_WARN_NON_LITERAL_NULL_CONVERSION = YES;
				CLANG_WARN_OBJC_IMPLICIT_RETAIN_SELF = YES;
				CLANG_WARN_OBJC_LITERAL_CONVERSION = YES;
				CLANG_WARN_OBJC_ROOT_CLASS = YES_ERROR;
				CLANG_WARN_RANGE_LOOP_ANALYSIS = YES;
				CLANG_WARN_STRICT_PROTOTYPES = YES;
				CLANG_WARN_SUSPICIOUS_MOVE = YES;
				CLANG_WARN_UNGUARDED_AVAILABILITY = YES_AGGRESSIVE;
				CLANG_WARN_UNREACHABLE_CODE = YES;
				CLANG_WARN__DUPLICATE_METHOD_MATCH = YES;
				CODE_SIGN_IDENTITY = "iPhone Developer";
				COPY_PHASE_STRIP = NO;
				DEBUG_INFORMATION_FORMAT = "dwarf-with-dsym";
				ENABLE_NS_ASSERTIONS = NO;
				ENABLE_STRICT_OBJC_MSGSEND = YES;
				GCC_C_LANGUAGE_STANDARD = gnu11;
				GCC_NO_COMMON_BLOCKS = YES;
				GCC_WARN_64_TO_32_BIT_CONVERSION = YES;
				GCC_WARN_ABOUT_RETURN_TYPE = YES_ERROR;
				GCC_WARN_UNDECLARED_SELECTOR = YES;
				GCC_WARN_UNINITIALIZED_AUTOS = YES_AGGRESSIVE;
				GCC_WARN_UNUSED_FUNCTION = YES;
				GCC_WARN_UNUSED_VARIABLE = YES;
				IPHONEOS_DEPLOYMENT_TARGET = 12.0;
				MTL_ENABLE_DEBUG_INFO = NO;
				MTL_FAST_MATH = YES;
				SDKROOT = iphoneos;
				SWIFT_COMPILATION_MODE = wholemodule;
				SWIFT_OPTIMIZATION_LEVEL = "-O";
				VALIDATE_PRODUCT = YES;
			};
			name = Release;
		};
		65034D40211B1E15002EE8A9 /* Debug */ = {
			isa = XCBuildConfiguration;
			baseConfigurationReference = B71844A8FCA571669BBE9E9F /* Pods-handyapp.debug.xcconfig */;
			buildSettings = {
				ASSETCATALOG_COMPILER_APPICON_NAME = AppIcon;
				CODE_SIGN_STYLE = Automatic;
				DEVELOPMENT_TEAM = "";
				INFOPLIST_FILE = "$(SRCROOT)/Handyapp/Info/Info.plist";
				LD_RUNPATH_SEARCH_PATHS = (
					"$(inherited)",
					"@executable_path/Frameworks",
				);
				PRODUCT_BUNDLE_IDENTIFIER = com.kuvshinnikov.Handyapp;
				PRODUCT_NAME = "$(TARGET_NAME)";
				SWIFT_VERSION = 4.2;
				TARGETED_DEVICE_FAMILY = 1;
			};
			name = Debug;
		};
		65034D41211B1E15002EE8A9 /* Release */ = {
			isa = XCBuildConfiguration;
			baseConfigurationReference = 69B7A13805C563A9DCEF8561 /* Pods-handyapp.release.xcconfig */;
			buildSettings = {
				ASSETCATALOG_COMPILER_APPICON_NAME = AppIcon;
				CODE_SIGN_STYLE = Automatic;
				DEVELOPMENT_TEAM = "";
				INFOPLIST_FILE = "$(SRCROOT)/Handyapp/Info/Info.plist";
				LD_RUNPATH_SEARCH_PATHS = (
					"$(inherited)",
					"@executable_path/Frameworks",
				);
				PRODUCT_BUNDLE_IDENTIFIER = com.kuvshinnikov.Handyapp;
				PRODUCT_NAME = "$(TARGET_NAME)";
				SWIFT_VERSION = 4.2;
				TARGETED_DEVICE_FAMILY = 1;
			};
			name = Release;
		};
		65034D43211B1E15002EE8A9 /* Debug */ = {
			isa = XCBuildConfiguration;
			baseConfigurationReference = F44DED4716EFEE88BF22C0B6 /* Pods-handyappTests.debug.xcconfig */;
			buildSettings = {
				ALWAYS_EMBED_SWIFT_STANDARD_LIBRARIES = YES;
				BUNDLE_LOADER = "$(TEST_HOST)";
				CODE_SIGN_STYLE = Automatic;
				INFOPLIST_FILE = HandyappTests/Info.plist;
				LD_RUNPATH_SEARCH_PATHS = (
					"$(inherited)",
					"@executable_path/Frameworks",
					"@loader_path/Frameworks",
				);
				PRODUCT_BUNDLE_IDENTIFIER = com.kuvshinnikov.HandyappTests;
				PRODUCT_NAME = "$(TARGET_NAME)";
				SWIFT_VERSION = 4.2;
				TARGETED_DEVICE_FAMILY = "1,2";
				TEST_HOST = "$(BUILT_PRODUCTS_DIR)/Handyapp.temp_caseinsensitive_rename.temp_caseinsensitive_rename.temp_caseinsensitive_rename.app/Handyapp.temp_caseinsensitive_rename.temp_caseinsensitive_rename.temp_caseinsensitive_rename";
			};
			name = Debug;
		};
		65034D44211B1E15002EE8A9 /* Release */ = {
			isa = XCBuildConfiguration;
			baseConfigurationReference = 827BBF3ADEDB23F741A918DA /* Pods-handyappTests.release.xcconfig */;
			buildSettings = {
				ALWAYS_EMBED_SWIFT_STANDARD_LIBRARIES = YES;
				BUNDLE_LOADER = "$(TEST_HOST)";
				CODE_SIGN_STYLE = Automatic;
				INFOPLIST_FILE = HandyappTests/Info.plist;
				LD_RUNPATH_SEARCH_PATHS = (
					"$(inherited)",
					"@executable_path/Frameworks",
					"@loader_path/Frameworks",
				);
				PRODUCT_BUNDLE_IDENTIFIER = com.kuvshinnikov.HandyappTests;
				PRODUCT_NAME = "$(TARGET_NAME)";
				SWIFT_VERSION = 4.2;
				TARGETED_DEVICE_FAMILY = "1,2";
				TEST_HOST = "$(BUILT_PRODUCTS_DIR)/Handyapp.temp_caseinsensitive_rename.temp_caseinsensitive_rename.temp_caseinsensitive_rename.app/Handyapp.temp_caseinsensitive_rename.temp_caseinsensitive_rename.temp_caseinsensitive_rename";
			};
			name = Release;
		};
		65034D46211B1E15002EE8A9 /* Debug */ = {
			isa = XCBuildConfiguration;
			buildSettings = {
				ALWAYS_EMBED_SWIFT_STANDARD_LIBRARIES = YES;
				CODE_SIGN_STYLE = Automatic;
				INFOPLIST_FILE = HandyappUITests/Info.plist;
				LD_RUNPATH_SEARCH_PATHS = (
					"$(inherited)",
					"@executable_path/Frameworks",
					"@loader_path/Frameworks",
				);
				PRODUCT_BUNDLE_IDENTIFIER = com.kuvshinnikov.HandyappUITests;
				PRODUCT_NAME = "$(TARGET_NAME)";
				SWIFT_VERSION = 4.2;
				TARGETED_DEVICE_FAMILY = "1,2";
				TEST_TARGET_NAME = Handyapp;
			};
			name = Debug;
		};
		65034D47211B1E15002EE8A9 /* Release */ = {
			isa = XCBuildConfiguration;
			buildSettings = {
				ALWAYS_EMBED_SWIFT_STANDARD_LIBRARIES = YES;
				CODE_SIGN_STYLE = Automatic;
				INFOPLIST_FILE = HandyappUITests/Info.plist;
				LD_RUNPATH_SEARCH_PATHS = (
					"$(inherited)",
					"@executable_path/Frameworks",
					"@loader_path/Frameworks",
				);
				PRODUCT_BUNDLE_IDENTIFIER = com.kuvshinnikov.HandyappUITests;
				PRODUCT_NAME = "$(TARGET_NAME)";
				SWIFT_VERSION = 4.2;
				TARGETED_DEVICE_FAMILY = "1,2";
				TEST_TARGET_NAME = Handyapp;
			};
			name = Release;
		};
/* End XCBuildConfiguration section */

/* Begin XCConfigurationList section */
		65034D12211B1DDC002EE8A9 /* Build configuration list for PBXProject "Handyapp" */ = {
			isa = XCConfigurationList;
			buildConfigurations = (
				65034D3D211B1E15002EE8A9 /* Debug */,
				65034D3E211B1E15002EE8A9 /* Release */,
			);
			defaultConfigurationIsVisible = 0;
			defaultConfigurationName = Release;
		};
		65034D3F211B1E15002EE8A9 /* Build configuration list for PBXNativeTarget "Handyapp" */ = {
			isa = XCConfigurationList;
			buildConfigurations = (
				65034D40211B1E15002EE8A9 /* Debug */,
				65034D41211B1E15002EE8A9 /* Release */,
			);
			defaultConfigurationIsVisible = 0;
			defaultConfigurationName = Release;
		};
		65034D42211B1E15002EE8A9 /* Build configuration list for PBXNativeTarget "HandyappTests" */ = {
			isa = XCConfigurationList;
			buildConfigurations = (
				65034D43211B1E15002EE8A9 /* Debug */,
				65034D44211B1E15002EE8A9 /* Release */,
			);
			defaultConfigurationIsVisible = 0;
			defaultConfigurationName = Release;
		};
		65034D45211B1E15002EE8A9 /* Build configuration list for PBXNativeTarget "HandyappUITests" */ = {
			isa = XCConfigurationList;
			buildConfigurations = (
				65034D46211B1E15002EE8A9 /* Debug */,
				65034D47211B1E15002EE8A9 /* Release */,
			);
			defaultConfigurationIsVisible = 0;
			defaultConfigurationName = Release;
		};
/* End XCConfigurationList section */
	};
	rootObject = 65034D0F211B1DDC002EE8A9 /* Project object */;
}
